{
  "name": "markerikson-stack-client-prototype",
  "lockfileVersion": 2,
  "requires": true,
  "packages": {
    "": {
      "dependencies": {
        "protocol": "file:../protocol"
      },
      "devDependencies": {}
    },
    "../protocol": {
      "version": "0.0.0",
      "devDependencies": {}
    },
    "node_modules/protocol": {
      "resolved": "../protocol",
      "link": true
    }
  },
  "dependencies": {
    "protocol": {
      "version": "file:../protocol"
    }
  }
}
