{
  "name": "markerikson-stack-client-prototype",
  "lockfileVersion": 2,
  "requires": true,
  "packages": {
    "": {
      "dependencies": {
        "@codemirror/lang-javascript": "^6.0.0",
        "@uiw/react-codemirror": "^4.7.0",
        "protocol": "file:../protocol"
      }
    },
    "../protocol": {
      "version": "0.0.0",
      "devDependencies": {}
    },
    "node_modules/@babel/runtime": {
      "version": "7.18.3",
      "resolved": "https://registry.npmjs.org/@babel/runtime/-/runtime-7.18.3.tgz",
      "integrity": "sha512-38Y8f7YUhce/K7RMwTp7m0uCumpv9hZkitCbBClqQIow1qSbCvGkcegKOXpEWCQLfWmevgRiWokZ1GkpfhbZug==",
      "dependencies": {
        "regenerator-runtime": "^0.13.4"
      },
      "engines": {
        "node": ">=6.9.0"
      }
    },
    "node_modules/@codemirror/autocomplete": {
      "version": "6.0.1",
      "resolved": "https://registry.npmjs.org/@codemirror/autocomplete/-/autocomplete-6.0.1.tgz",
      "integrity": "sha512-cD1MxuZq4scpVHecqSnUqQfRYlFDdtu4Y+7G4gF989R4F9nzrcrZ58bVua1/kIh0JminbhwqXeWXI/A5bScXaA==",
      "dependencies": {
        "@codemirror/language": "^6.0.0",
        "@codemirror/state": "^6.0.0",
        "@codemirror/view": "^6.0.0",
        "@lezer/common": "^1.0.0"
      }
    },
    "node_modules/@codemirror/commands": {
      "version": "6.0.0",
      "resolved": "https://registry.npmjs.org/@codemirror/commands/-/commands-6.0.0.tgz",
      "integrity": "sha512-nVJDPiCQXWXj5AZxqNVXyIM3nOYauF4Dko9NGPSwgVdK+lXWJQhI5LGhS/AvdG5b7u7/pTQBkrQmzkLWRBF62A==",
      "dependencies": {
        "@codemirror/language": "^6.0.0",
        "@codemirror/state": "^6.0.0",
        "@codemirror/view": "^6.0.0",
        "@lezer/common": "^1.0.0"
      }
    },
    "node_modules/@codemirror/lang-javascript": {
      "version": "6.0.0",
      "resolved": "https://registry.npmjs.org/@codemirror/lang-javascript/-/lang-javascript-6.0.0.tgz",
      "integrity": "sha512-IQLfR+pgydwLxP3AQYOhjGfLWlAZz5SEH+M1tnUXVvp2+KZhn3iDTQX/7HZgoJ3w0oySKOxPjdq6jmkTCW6/sg==",
      "dependencies": {
        "@codemirror/autocomplete": "^6.0.0",
        "@codemirror/language": "^6.0.0",
        "@codemirror/lint": "^6.0.0",
        "@codemirror/state": "^6.0.0",
        "@codemirror/view": "^6.0.0",
        "@lezer/common": "^1.0.0",
        "@lezer/javascript": "^1.0.0"
      }
    },
    "node_modules/@codemirror/language": {
      "version": "6.0.0",
      "resolved": "https://registry.npmjs.org/@codemirror/language/-/language-6.0.0.tgz",
      "integrity": "sha512-rtjk5ifyMzOna1c7PBu7J1VCt0PvA5wy3o8eMVnxMKb7z8KA7JFecvD04dSn14vj/bBaAbqRsGed5OjtofEnLA==",
      "dependencies": {
        "@codemirror/state": "^6.0.0",
        "@codemirror/view": "^6.0.0",
        "@lezer/common": "^1.0.0",
        "@lezer/highlight": "^1.0.0",
        "@lezer/lr": "^1.0.0",
        "style-mod": "^4.0.0"
      }
    },
    "node_modules/@codemirror/lint": {
      "version": "6.0.0",
      "resolved": "https://registry.npmjs.org/@codemirror/lint/-/lint-6.0.0.tgz",
      "integrity": "sha512-nUUXcJW1Xp54kNs+a1ToPLK8MadO0rMTnJB8Zk4Z8gBdrN0kqV7uvUraU/T2yqg+grDNR38Vmy/MrhQN/RgwiA==",
      "dependencies": {
        "@codemirror/state": "^6.0.0",
        "@codemirror/view": "^6.0.0",
        "crelt": "^1.0.5"
      }
    },
    "node_modules/@codemirror/search": {
      "version": "6.0.0",
      "resolved": "https://registry.npmjs.org/@codemirror/search/-/search-6.0.0.tgz",
      "integrity": "sha512-rL0rd3AhI0TAsaJPUaEwC63KHLO7KL0Z/dYozXj6E7L3wNHRyx7RfE0/j5HsIf912EE5n2PCb4Vg0rGYmDv4UQ==",
      "dependencies": {
        "@codemirror/state": "^6.0.0",
        "@codemirror/view": "^6.0.0",
        "crelt": "^1.0.5"
      }
    },
    "node_modules/@codemirror/state": {
      "version": "6.0.0",
      "resolved": "https://registry.npmjs.org/@codemirror/state/-/state-6.0.0.tgz",
      "integrity": "sha512-UjP/jB2dz7B+1L+eiCm8YWhM1zBkFM2zUyp8hhtpvgmuOFmoWjwqHnICQmM34HNPBqMPcVY9ZcqJcOhDrB+dBQ=="
    },
    "node_modules/@codemirror/theme-one-dark": {
      "version": "6.0.0",
      "resolved": "https://registry.npmjs.org/@codemirror/theme-one-dark/-/theme-one-dark-6.0.0.tgz",
      "integrity": "sha512-jTCfi1I8QT++3m21Ui6sU8qwu3F/hLv161KLxfvkV1cYWSBwyUanmQFs89ChobQjBHi2x7s2k71wF9WYvE8fdw==",
      "dependencies": {
        "@codemirror/language": "^6.0.0",
        "@codemirror/state": "^6.0.0",
        "@codemirror/view": "^6.0.0",
        "@lezer/highlight": "^1.0.0"
      }
    },
    "node_modules/@codemirror/view": {
      "version": "6.0.0",
      "resolved": "https://registry.npmjs.org/@codemirror/view/-/view-6.0.0.tgz",
      "integrity": "sha512-IdbZtg17jpLdNnetoPpSOMZNtsCEAexFNdG7tU6TlJkLQakaTNrzXiQEIx9oiZx3f1ql6Zbr8+qyLr/pkrmsng==",
      "dependencies": {
        "@codemirror/state": "^6.0.0",
        "style-mod": "^4.0.0",
        "w3c-keyname": "^2.2.4"
      }
    },
    "node_modules/@lezer/common": {
      "version": "1.0.0",
      "resolved": "https://registry.npmjs.org/@lezer/common/-/common-1.0.0.tgz",
      "integrity": "sha512-ohydQe+Hb+w4oMDvXzs8uuJd2NoA3D8YDcLiuDsLqH+yflDTPEpgCsWI3/6rH5C3BAedtH1/R51dxENldQceEA=="
    },
    "node_modules/@lezer/highlight": {
      "version": "1.0.0",
      "resolved": "https://registry.npmjs.org/@lezer/highlight/-/highlight-1.0.0.tgz",
      "integrity": "sha512-nsCnNtim90UKsB5YxoX65v3GEIw3iCHw9RM2DtdgkiqAbKh9pCdvi8AWNwkYf10Lu6fxNhXPpkpHbW6mihhvJA==",
      "dependencies": {
        "@lezer/common": "^1.0.0"
      }
    },
    "node_modules/@lezer/javascript": {
      "version": "1.0.0",
      "resolved": "https://registry.npmjs.org/@lezer/javascript/-/javascript-1.0.0.tgz",
      "integrity": "sha512-RawBSrMD9yrVdrXWKn7hqo5BqgBaFelUx80i6p2/V0f+0THjncSSrRC6v3QWVv++RpqWT59L8ujKZjlExJq9xw==",
      "dependencies": {
        "@lezer/highlight": "^1.0.0",
        "@lezer/lr": "^1.0.0"
      }
    },
    "node_modules/@lezer/lr": {
      "version": "1.0.0",
      "resolved": "https://registry.npmjs.org/@lezer/lr/-/lr-1.0.0.tgz",
      "integrity": "sha512-k6DEqBh4HxqO/cVGedb6Ern6LS7K6IOzfydJ5WaqCR26v6UR9sIFyb6PS+5rPUs/mXgnBR/QQCW7RkyjSCMoQA==",
      "dependencies": {
        "@lezer/common": "^1.0.0"
      }
    },
    "node_modules/@uiw/react-codemirror": {
      "version": "4.8.1",
      "resolved": "https://registry.npmjs.org/@uiw/react-codemirror/-/react-codemirror-4.8.1.tgz",
      "integrity": "sha512-0fMZB1bdwZ2gmuwjLCGYvX9iw6rWjAnHqIivvkoth0gbNPR0/DCNSnxPbZzNdI3Sf2w3fg0rfGPGoVhbJssViQ==",
      "dependencies": {
        "@babel/runtime": ">=7.11.0",
        "@codemirror/theme-one-dark": "^6.0.0",
        "codemirror": "^6.0.0"
      },
      "peerDependencies": {
        "@babel/runtime": ">=7.11.0",
        "react": ">=16.8.0",
        "react-dom": ">=16.8.0"
      }
    },
    "node_modules/codemirror": {
      "version": "6.0.0",
      "resolved": "https://registry.npmjs.org/codemirror/-/codemirror-6.0.0.tgz",
      "integrity": "sha512-c4XR9QtDn+NhKLM2FBsnRn9SFdRH7G6594DYC/fyKKIsTOcdLF0WNWRd+f6kNyd5j1vgYPucbIeq2XkywYCwhA==",
      "dependencies": {
        "@codemirror/autocomplete": "^6.0.0",
        "@codemirror/commands": "^6.0.0",
        "@codemirror/language": "^6.0.0",
        "@codemirror/lint": "^6.0.0",
        "@codemirror/search": "^6.0.0",
        "@codemirror/state": "^6.0.0",
        "@codemirror/view": "^6.0.0"
      }
    },
    "node_modules/crelt": {
      "version": "1.0.5",
      "resolved": "https://registry.npmjs.org/crelt/-/crelt-1.0.5.tgz",
      "integrity": "sha512-+BO9wPPi+DWTDcNYhr/W90myha8ptzftZT+LwcmUbbok0rcP/fequmFYCw8NMoH7pkAZQzU78b3kYrlua5a9eA=="
    },
    "node_modules/protocol": {
      "resolved": "../protocol",
      "link": true
    },
    "node_modules/regenerator-runtime": {
      "version": "0.13.9",
      "resolved": "https://registry.npmjs.org/regenerator-runtime/-/regenerator-runtime-0.13.9.tgz",
      "integrity": "sha512-p3VT+cOEgxFsRRA9X4lkI1E+k2/CtnKtU4gcxyaCUreilL/vqI6CdZ3wxVUx3UOUg+gnUOQQcRI7BmSI656MYA=="
    },
    "node_modules/style-mod": {
      "version": "4.0.0",
      "resolved": "https://registry.npmjs.org/style-mod/-/style-mod-4.0.0.tgz",
      "integrity": "sha512-OPhtyEjyyN9x3nhPsu76f52yUGXiZcgvsrFVtvTkyGRQJ0XK+GPc6ov1z+lRpbeabka+MYEQxOYRnt5nF30aMw=="
    },
    "node_modules/w3c-keyname": {
      "version": "2.2.4",
      "resolved": "https://registry.npmjs.org/w3c-keyname/-/w3c-keyname-2.2.4.tgz",
      "integrity": "sha512-tOhfEwEzFLJzf6d1ZPkYfGj+FWhIpBux9ppoP3rlclw3Z0BZv3N7b7030Z1kYth+6rDuAsXUFr+d0VE6Ed1ikw=="
    }
  },
  "dependencies": {
    "@babel/runtime": {
      "version": "7.18.3",
      "resolved": "https://registry.npmjs.org/@babel/runtime/-/runtime-7.18.3.tgz",
      "integrity": "sha512-38Y8f7YUhce/K7RMwTp7m0uCumpv9hZkitCbBClqQIow1qSbCvGkcegKOXpEWCQLfWmevgRiWokZ1GkpfhbZug==",
      "requires": {
        "regenerator-runtime": "^0.13.4"
      }
    },
    "@codemirror/autocomplete": {
      "version": "6.0.1",
      "resolved": "https://registry.npmjs.org/@codemirror/autocomplete/-/autocomplete-6.0.1.tgz",
      "integrity": "sha512-cD1MxuZq4scpVHecqSnUqQfRYlFDdtu4Y+7G4gF989R4F9nzrcrZ58bVua1/kIh0JminbhwqXeWXI/A5bScXaA==",
      "requires": {
        "@codemirror/language": "^6.0.0",
        "@codemirror/state": "^6.0.0",
        "@codemirror/view": "^6.0.0",
        "@lezer/common": "^1.0.0"
      }
    },
    "@codemirror/commands": {
      "version": "6.0.0",
      "resolved": "https://registry.npmjs.org/@codemirror/commands/-/commands-6.0.0.tgz",
      "integrity": "sha512-nVJDPiCQXWXj5AZxqNVXyIM3nOYauF4Dko9NGPSwgVdK+lXWJQhI5LGhS/AvdG5b7u7/pTQBkrQmzkLWRBF62A==",
      "requires": {
        "@codemirror/language": "^6.0.0",
        "@codemirror/state": "^6.0.0",
        "@codemirror/view": "^6.0.0",
        "@lezer/common": "^1.0.0"
      }
    },
    "@codemirror/lang-javascript": {
      "version": "6.0.0",
      "resolved": "https://registry.npmjs.org/@codemirror/lang-javascript/-/lang-javascript-6.0.0.tgz",
      "integrity": "sha512-IQLfR+pgydwLxP3AQYOhjGfLWlAZz5SEH+M1tnUXVvp2+KZhn3iDTQX/7HZgoJ3w0oySKOxPjdq6jmkTCW6/sg==",
      "requires": {
        "@codemirror/autocomplete": "^6.0.0",
        "@codemirror/language": "^6.0.0",
        "@codemirror/lint": "^6.0.0",
        "@codemirror/state": "^6.0.0",
        "@codemirror/view": "^6.0.0",
        "@lezer/common": "^1.0.0",
        "@lezer/javascript": "^1.0.0"
      }
    },
    "@codemirror/language": {
      "version": "6.0.0",
      "resolved": "https://registry.npmjs.org/@codemirror/language/-/language-6.0.0.tgz",
      "integrity": "sha512-rtjk5ifyMzOna1c7PBu7J1VCt0PvA5wy3o8eMVnxMKb7z8KA7JFecvD04dSn14vj/bBaAbqRsGed5OjtofEnLA==",
      "requires": {
        "@codemirror/state": "^6.0.0",
        "@codemirror/view": "^6.0.0",
        "@lezer/common": "^1.0.0",
        "@lezer/highlight": "^1.0.0",
        "@lezer/lr": "^1.0.0",
        "style-mod": "^4.0.0"
      }
    },
    "@codemirror/lint": {
      "version": "6.0.0",
      "resolved": "https://registry.npmjs.org/@codemirror/lint/-/lint-6.0.0.tgz",
      "integrity": "sha512-nUUXcJW1Xp54kNs+a1ToPLK8MadO0rMTnJB8Zk4Z8gBdrN0kqV7uvUraU/T2yqg+grDNR38Vmy/MrhQN/RgwiA==",
      "requires": {
        "@codemirror/state": "^6.0.0",
        "@codemirror/view": "^6.0.0",
        "crelt": "^1.0.5"
      }
    },
    "@codemirror/search": {
      "version": "6.0.0",
      "resolved": "https://registry.npmjs.org/@codemirror/search/-/search-6.0.0.tgz",
      "integrity": "sha512-rL0rd3AhI0TAsaJPUaEwC63KHLO7KL0Z/dYozXj6E7L3wNHRyx7RfE0/j5HsIf912EE5n2PCb4Vg0rGYmDv4UQ==",
      "requires": {
        "@codemirror/state": "^6.0.0",
        "@codemirror/view": "^6.0.0",
        "crelt": "^1.0.5"
      }
    },
    "@codemirror/state": {
      "version": "6.0.0",
      "resolved": "https://registry.npmjs.org/@codemirror/state/-/state-6.0.0.tgz",
      "integrity": "sha512-UjP/jB2dz7B+1L+eiCm8YWhM1zBkFM2zUyp8hhtpvgmuOFmoWjwqHnICQmM34HNPBqMPcVY9ZcqJcOhDrB+dBQ=="
    },
    "@codemirror/theme-one-dark": {
      "version": "6.0.0",
      "resolved": "https://registry.npmjs.org/@codemirror/theme-one-dark/-/theme-one-dark-6.0.0.tgz",
      "integrity": "sha512-jTCfi1I8QT++3m21Ui6sU8qwu3F/hLv161KLxfvkV1cYWSBwyUanmQFs89ChobQjBHi2x7s2k71wF9WYvE8fdw==",
      "requires": {
        "@codemirror/language": "^6.0.0",
        "@codemirror/state": "^6.0.0",
        "@codemirror/view": "^6.0.0",
        "@lezer/highlight": "^1.0.0"
      }
    },
    "@codemirror/view": {
      "version": "6.0.0",
      "resolved": "https://registry.npmjs.org/@codemirror/view/-/view-6.0.0.tgz",
      "integrity": "sha512-IdbZtg17jpLdNnetoPpSOMZNtsCEAexFNdG7tU6TlJkLQakaTNrzXiQEIx9oiZx3f1ql6Zbr8+qyLr/pkrmsng==",
      "requires": {
        "@codemirror/state": "^6.0.0",
        "style-mod": "^4.0.0",
        "w3c-keyname": "^2.2.4"
      }
    },
    "@lezer/common": {
      "version": "1.0.0",
      "resolved": "https://registry.npmjs.org/@lezer/common/-/common-1.0.0.tgz",
      "integrity": "sha512-ohydQe+Hb+w4oMDvXzs8uuJd2NoA3D8YDcLiuDsLqH+yflDTPEpgCsWI3/6rH5C3BAedtH1/R51dxENldQceEA=="
    },
    "@lezer/highlight": {
      "version": "1.0.0",
      "resolved": "https://registry.npmjs.org/@lezer/highlight/-/highlight-1.0.0.tgz",
      "integrity": "sha512-nsCnNtim90UKsB5YxoX65v3GEIw3iCHw9RM2DtdgkiqAbKh9pCdvi8AWNwkYf10Lu6fxNhXPpkpHbW6mihhvJA==",
      "requires": {
        "@lezer/common": "^1.0.0"
      }
    },
    "@lezer/javascript": {
      "version": "1.0.0",
      "resolved": "https://registry.npmjs.org/@lezer/javascript/-/javascript-1.0.0.tgz",
      "integrity": "sha512-RawBSrMD9yrVdrXWKn7hqo5BqgBaFelUx80i6p2/V0f+0THjncSSrRC6v3QWVv++RpqWT59L8ujKZjlExJq9xw==",
      "requires": {
        "@lezer/highlight": "^1.0.0",
        "@lezer/lr": "^1.0.0"
      }
    },
    "@lezer/lr": {
      "version": "1.0.0",
      "resolved": "https://registry.npmjs.org/@lezer/lr/-/lr-1.0.0.tgz",
      "integrity": "sha512-k6DEqBh4HxqO/cVGedb6Ern6LS7K6IOzfydJ5WaqCR26v6UR9sIFyb6PS+5rPUs/mXgnBR/QQCW7RkyjSCMoQA==",
      "requires": {
        "@lezer/common": "^1.0.0"
      }
    },
    "@uiw/react-codemirror": {
      "version": "4.8.1",
      "resolved": "https://registry.npmjs.org/@uiw/react-codemirror/-/react-codemirror-4.8.1.tgz",
      "integrity": "sha512-0fMZB1bdwZ2gmuwjLCGYvX9iw6rWjAnHqIivvkoth0gbNPR0/DCNSnxPbZzNdI3Sf2w3fg0rfGPGoVhbJssViQ==",
      "requires": {
        "@babel/runtime": ">=7.11.0",
        "@codemirror/theme-one-dark": "^6.0.0",
        "codemirror": "^6.0.0"
      }
    },
    "codemirror": {
      "version": "6.0.0",
      "resolved": "https://registry.npmjs.org/codemirror/-/codemirror-6.0.0.tgz",
      "integrity": "sha512-c4XR9QtDn+NhKLM2FBsnRn9SFdRH7G6594DYC/fyKKIsTOcdLF0WNWRd+f6kNyd5j1vgYPucbIeq2XkywYCwhA==",
      "requires": {
        "@codemirror/autocomplete": "^6.0.0",
        "@codemirror/commands": "^6.0.0",
        "@codemirror/language": "^6.0.0",
        "@codemirror/lint": "^6.0.0",
        "@codemirror/search": "^6.0.0",
        "@codemirror/state": "^6.0.0",
        "@codemirror/view": "^6.0.0"
      }
    },
    "crelt": {
      "version": "1.0.5",
      "resolved": "https://registry.npmjs.org/crelt/-/crelt-1.0.5.tgz",
      "integrity": "sha512-+BO9wPPi+DWTDcNYhr/W90myha8ptzftZT+LwcmUbbok0rcP/fequmFYCw8NMoH7pkAZQzU78b3kYrlua5a9eA=="
    },
    "protocol": {
      "version": "file:../protocol"
    },
    "regenerator-runtime": {
      "version": "0.13.9",
      "resolved": "https://registry.npmjs.org/regenerator-runtime/-/regenerator-runtime-0.13.9.tgz",
      "integrity": "sha512-p3VT+cOEgxFsRRA9X4lkI1E+k2/CtnKtU4gcxyaCUreilL/vqI6CdZ3wxVUx3UOUg+gnUOQQcRI7BmSI656MYA=="
    },
    "style-mod": {
      "version": "4.0.0",
      "resolved": "https://registry.npmjs.org/style-mod/-/style-mod-4.0.0.tgz",
      "integrity": "sha512-OPhtyEjyyN9x3nhPsu76f52yUGXiZcgvsrFVtvTkyGRQJ0XK+GPc6ov1z+lRpbeabka+MYEQxOYRnt5nF30aMw=="
    },
    "w3c-keyname": {
      "version": "2.2.4",
      "resolved": "https://registry.npmjs.org/w3c-keyname/-/w3c-keyname-2.2.4.tgz",
      "integrity": "sha512-tOhfEwEzFLJzf6d1ZPkYfGj+FWhIpBux9ppoP3rlclw3Z0BZv3N7b7030Z1kYth+6rDuAsXUFr+d0VE6Ed1ikw=="
    }
  }
}
