# This file is generated by running "yarn install" inside your project.
# Manual changes might be lost - proceed with caution!

__metadata:
  version: 6
  cacheKey: 8

"@playwright/test@npm:^1.25.1":
  version: 1.25.1
  resolution: "@playwright/test@npm:1.25.1"
  dependencies:
    "@types/node": "*"
    playwright-core: 1.25.1
  bin:
    playwright: cli.js
  checksum: 788ae0a7a576c599ce539ad75ee442b8c7f2a979d1dfd58d214ae4309ed2d595fa82fa8a8740e5c32f9da497a4e1ee90501483d33666d3004e76e50ce0269ef0
  languageName: node
  linkType: hard

"@types/node@npm:*":
  version: 18.0.0
  resolution: "@types/node@npm:18.0.0"
  checksum: aab2b325727a2599f6d25ebe0dedf58c40fb66a51ce4ca9c0226ceb70fcda2d3afccdca29db5942eb48b158ee8585a274a1e3750c718bbd5399d7f41d62dfdcc
  languageName: node
  linkType: hard

"ansi-styles@npm:^4.1.0":
  version: 4.3.0
  resolution: "ansi-styles@npm:4.3.0"
  dependencies:
    color-convert: ^2.0.1
  checksum: 513b44c3b2105dd14cc42a19271e80f386466c4be574bccf60b627432f9198571ebf4ab1e4c3ba17347658f4ee1711c163d574248c0c1cdc2d5917a0ad582ec4
  languageName: node
  linkType: hard

"chalk@npm:^4":
  version: 4.1.2
  resolution: "chalk@npm:4.1.2"
  dependencies:
    ansi-styles: ^4.1.0
    supports-color: ^7.1.0
  checksum: fe75c9d5c76a7a98d45495b91b2172fa3b7a09e0cc9370e5c8feb1c567b85c4288e2b3fded7cfdd7359ac28d6b3844feb8b82b8686842e93d23c827c417e83fc
  languageName: node
  linkType: hard

"color-convert@npm:^2.0.1":
  version: 2.0.1
  resolution: "color-convert@npm:2.0.1"
  dependencies:
    color-name: ~1.1.4
  checksum: 79e6bdb9fd479a205c71d89574fccfb22bd9053bd98c6c4d870d65c132e5e904e6034978e55b43d69fcaa7433af2016ee203ce76eeba9cfa554b373e7f7db336
  languageName: node
  linkType: hard

"color-name@npm:~1.1.4":
  version: 1.1.4
  resolution: "color-name@npm:1.1.4"
  checksum: b0445859521eb4021cd0fb0cc1a75cecf67fceecae89b63f62b201cca8d345baf8b952c966862a9d9a2632987d4f6581f0ec8d957dfacece86f0a7919316f610
  languageName: node
  linkType: hard

"has-flag@npm:^4.0.0":
  version: 4.0.0
  resolution: "has-flag@npm:4.0.0"
  checksum: 261a1357037ead75e338156b1f9452c016a37dcd3283a972a30d9e4a87441ba372c8b81f818cd0fbcd9c0354b4ae7e18b9e1afa1971164aef6d18c2b6095a8ad
  languageName: node
  linkType: hard

"playwright-core@npm:1.25.1":
  version: 1.25.1
  resolution: "playwright-core@npm:1.25.1"
  bin:
    playwright: cli.js
  checksum: 34d5602816f73d68de3c022423ef64f0214f5e9827c584bffa608ecf66a9058f2f578e037bd7cbe7f98be53d5b01602f1f98aec73db5b475d8ab22417c803db5
  languageName: node
  linkType: hard

"playwright@npm:^1.25.1":
  version: 1.25.1
  resolution: "playwright@npm:1.25.1"
  dependencies:
    playwright-core: 1.25.1
  bin:
    playwright: cli.js
  checksum: 39745f159bac378234aa1ec9a3ebbc474876fc5907256f5365a5c844a990164c2ebf8a721bc0e738d74e83a789e5043af6a07e08f8a5be15a7cf905dd0dbc4f0
  languageName: node
  linkType: hard

"supports-color@npm:^7.1.0":
  version: 7.2.0
  resolution: "supports-color@npm:7.2.0"
  dependencies:
    has-flag: ^4.0.0
  checksum: 3dda818de06ebbe5b9653e07842d9479f3555ebc77e9a0280caf5a14fb877ffee9ed57007c3b78f5a6324b8dbeec648d9e97a24e2ed9fdb81ddc69ea07100f4a
  languageName: node
  linkType: hard

"tests@workspace:.":
  version: 0.0.0-use.local
  resolution: "tests@workspace:."
  dependencies:
    "@playwright/test": ^1.25.1
    chalk: ^4
    playwright: ^1.25.1
  languageName: unknown
  linkType: soft
