# This file is generated by running "yarn install" inside your project.
# Manual changes might be lost - proceed with caution!

__metadata:
  version: 6
  cacheKey: 8

"@playwright/test@npm:^1.22.2":
  version: 1.22.2
  resolution: "@playwright/test@npm:1.22.2"
  dependencies:
    "@types/node": "*"
    playwright-core: 1.22.2
  bin:
    playwright: cli.js
  checksum: 55392a97d920b77374926415e16e649320a9d8243f4ddca09c61827580674ad6f50057c09d5d194212d4ce60abc2cdf5f939ddd87f3670e073e9dd6c418480d5
  languageName: node
  linkType: hard

"@types/node@npm:*":
  version: 18.0.0
  resolution: "@types/node@npm:18.0.0"
  checksum: aab2b325727a2599f6d25ebe0dedf58c40fb66a51ce4ca9c0226ceb70fcda2d3afccdca29db5942eb48b158ee8585a274a1e3750c718bbd5399d7f41d62dfdcc
  languageName: node
  linkType: hard

"error-stack-parser@npm:^2.1.4":
  version: 2.1.4
  resolution: "error-stack-parser@npm:2.1.4"
  dependencies:
    stackframe: ^1.3.4
  checksum: 3b916d2d14c6682f287c8bfa28e14672f47eafe832701080e420e7cdbaebb2c50293868256a95706ac2330fe078cf5664713158b49bc30d7a5f2ac229ded0e18
  languageName: node
  linkType: hard

"playwright-core@npm:1.22.2":
  version: 1.22.2
  resolution: "playwright-core@npm:1.22.2"
  bin:
    playwright: cli.js
  checksum: 7381c35359b4338282f73dc902c1c1311e8e7cbf852f445dd6b430ebcb7eafc842b8e512d238fdc0b70d1da2b14046f297b19dac027c6a0a62ff217e70f6a07c
  languageName: node
  linkType: hard

"playwright@npm:^1.22.2":
  version: 1.22.2
  resolution: "playwright@npm:1.22.2"
  dependencies:
    playwright-core: 1.22.2
  bin:
    playwright: cli.js
  checksum: e9e9c4a959d27b6bea3144a0cb19b15124226fb0017e65978fe781fc79129793028ec68dbe9252674120b9a0079bd0e4d17bd2e1258e66032d5ec5427f35cb6f
  languageName: node
  linkType: hard

"stackframe@npm:^1.3.4":
  version: 1.3.4
  resolution: "stackframe@npm:1.3.4"
  checksum: bae1596873595c4610993fa84f86a3387d67586401c1816ea048c0196800c0646c4d2da98c2ee80557fd9eff05877efe33b91ba6cd052658ed96ddc85d19067d
  languageName: node
  linkType: hard

"tests@workspace:.":
  version: 0.0.0-use.local
  resolution: "tests@workspace:."
  dependencies:
    "@playwright/test": ^1.22.2
    error-stack-parser: ^2.1.4
    playwright: ^1.22.2
  languageName: unknown
  linkType: soft
