{
  "name": "bvaughn-architecture-demo",
  "version": "0.1.0",
  "lockfileVersion": 2,
  "requires": true,
  "packages": {
    "": {
      "name": "bvaughn-architecture-demo",
      "version": "0.1.0",
      "dependencies": {
        "@urql/core": "^2.5.0",
        "graphql": "^16.5.0",
        "protocol": "file:../protocol"
      }
    },
    "../protocol": {
      "version": "0.0.0",
      "devDependencies": {}
    },
    "node_modules/@graphql-typed-document-node/core": {
      "version": "3.1.1",
      "resolved": "https://registry.npmjs.org/@graphql-typed-document-node/core/-/core-3.1.1.tgz",
      "integrity": "sha512-NQ17ii0rK1b34VZonlmT2QMJFI70m0TRwbknO/ihlbatXyaktDhN/98vBiUU6kNBPljqGqyIrl2T4nY2RpFANg==",
      "peerDependencies": {
        "graphql": "^0.8.0 || ^0.9.0 || ^0.10.0 || ^0.11.0 || ^0.12.0 || ^0.13.0 || ^14.0.0 || ^15.0.0 || ^16.0.0"
      }
    },
    "node_modules/@urql/core": {
      "version": "2.5.0",
      "resolved": "https://registry.npmjs.org/@urql/core/-/core-2.5.0.tgz",
      "integrity": "sha512-xXdcgb0H3nNTP4OfC+5T3CHJ0iz7Jj0QQYSYhN/hvKrzFnisPz2n6WXmvsHmMXk5bJHsr39kx4eOHcpsJuyCew==",
      "dependencies": {
        "@graphql-typed-document-node/core": "^3.1.1",
        "wonka": "^4.0.14"
      },
      "peerDependencies": {
        "graphql": "^0.11.0 || ^0.12.0 || ^0.13.0 || ^14.0.0 || ^15.0.0 || ^16.0.0"
      }
    },
    "node_modules/graphql": {
      "version": "16.5.0",
      "resolved": "https://registry.npmjs.org/graphql/-/graphql-16.5.0.tgz",
      "integrity": "sha512-qbHgh8Ix+j/qY+a/ZcJnFQ+j8ezakqPiHwPiZhV/3PgGlgf96QMBB5/f2rkiC9sgLoy/xvT6TSiaf2nTHJh5iA==",
      "engines": {
        "node": "^12.22.0 || ^14.16.0 || ^16.0.0 || >=17.0.0"
      }
    },
    "node_modules/protocol": {
      "resolved": "../protocol",
      "link": true
    },
    "node_modules/wonka": {
      "version": "4.0.15",
      "resolved": "https://registry.npmjs.org/wonka/-/wonka-4.0.15.tgz",
      "integrity": "sha512-U0IUQHKXXn6PFo9nqsHphVCE5m3IntqZNB9Jjn7EB1lrR7YTDY3YWgFvEvwniTzXSvOH/XMzAZaIfJF/LvHYXg=="
    }
  },
  "dependencies": {
    "@graphql-typed-document-node/core": {
      "version": "3.1.1",
      "resolved": "https://registry.npmjs.org/@graphql-typed-document-node/core/-/core-3.1.1.tgz",
      "integrity": "sha512-NQ17ii0rK1b34VZonlmT2QMJFI70m0TRwbknO/ihlbatXyaktDhN/98vBiUU6kNBPljqGqyIrl2T4nY2RpFANg==",
      "requires": {}
    },
    "@urql/core": {
      "version": "2.5.0",
      "resolved": "https://registry.npmjs.org/@urql/core/-/core-2.5.0.tgz",
      "integrity": "sha512-xXdcgb0H3nNTP4OfC+5T3CHJ0iz7Jj0QQYSYhN/hvKrzFnisPz2n6WXmvsHmMXk5bJHsr39kx4eOHcpsJuyCew==",
      "requires": {
        "@graphql-typed-document-node/core": "^3.1.1",
        "wonka": "^4.0.14"
      }
    },
    "graphql": {
      "version": "16.5.0",
      "resolved": "https://registry.npmjs.org/graphql/-/graphql-16.5.0.tgz",
      "integrity": "sha512-qbHgh8Ix+j/qY+a/ZcJnFQ+j8ezakqPiHwPiZhV/3PgGlgf96QMBB5/f2rkiC9sgLoy/xvT6TSiaf2nTHJh5iA=="
    },
    "protocol": {
      "version": "file:../protocol"
    },
    "wonka": {
      "version": "4.0.15",
      "resolved": "https://registry.npmjs.org/wonka/-/wonka-4.0.15.tgz",
      "integrity": "sha512-U0IUQHKXXn6PFo9nqsHphVCE5m3IntqZNB9Jjn7EB1lrR7YTDY3YWgFvEvwniTzXSvOH/XMzAZaIfJF/LvHYXg=="
    }
  }
}
