# This file is generated by running "yarn install" inside your project.
# Manual changes might be lost - proceed with caution!

__metadata:
  version: 6
  cacheKey: 8

"@actions/github@npm:^5.1.1":
  version: 5.1.1
  resolution: "@actions/github@npm:5.1.1"
  dependencies:
    "@actions/http-client": ^2.0.1
    "@octokit/core": ^3.6.0
    "@octokit/plugin-paginate-rest": ^2.17.0
    "@octokit/plugin-rest-endpoint-methods": ^5.13.0
  checksum: 2210bd7f8e1e8b407b7df74a259523dc4c63f4ad3a6bfcc0d7867b6e9c3499bd3e25d7de7a9a1bbd0de3be441a8832d5c0b5c0cff3036cd477378c0ec5502434
  languageName: node
  linkType: hard

"@actions/http-client@npm:^2.0.1":
  version: 2.1.0
  resolution: "@actions/http-client@npm:2.1.0"
  dependencies:
    tunnel: ^0.0.6
  checksum: 25a72a952cc95fb4b3ab086da73a5754dd0957c206637cace69be2e16f018cc1b3d3c40d3bcf89ffd8a5929d5e8445594b498b50db306a50ad7536023f8e3800
  languageName: node
  linkType: hard

"@octokit/auth-token@npm:^2.4.4":
  version: 2.5.0
  resolution: "@octokit/auth-token@npm:2.5.0"
  dependencies:
    "@octokit/types": ^6.0.3
  checksum: 45949296c09abcd6beb4c3f69d45b0c1f265f9581d2a9683cf4d1800c4cf8259c2f58d58e44c16c20bffb85a0282a176c0d51f4af300e428b863f27b910e6297
  languageName: node
  linkType: hard

"@octokit/core@npm:^3.6.0":
  version: 3.6.0
  resolution: "@octokit/core@npm:3.6.0"
  dependencies:
    "@octokit/auth-token": ^2.4.4
    "@octokit/graphql": ^4.5.8
    "@octokit/request": ^5.6.3
    "@octokit/request-error": ^2.0.5
    "@octokit/types": ^6.0.3
    before-after-hook: ^2.2.0
    universal-user-agent: ^6.0.0
  checksum: f81160129037bd8555d47db60cd5381637b7e3602ad70735a7bdf8f3d250c7b7114a666bb12ef7a8746a326a5d72ed30a1b8f8a5a170007f7285c8e217bef1f0
  languageName: node
  linkType: hard

"@octokit/endpoint@npm:^6.0.1":
  version: 6.0.12
  resolution: "@octokit/endpoint@npm:6.0.12"
  dependencies:
    "@octokit/types": ^6.0.3
    is-plain-object: ^5.0.0
    universal-user-agent: ^6.0.0
  checksum: b48b29940af11c4b9bca41cf56809754bb8385d4e3a6122671799d27f0238ba575b3fde86d2d30a84f4dbbc14430940de821e56ecc6a9a92d47fc2b29a31479d
  languageName: node
  linkType: hard

"@octokit/graphql@npm:^4.5.8":
  version: 4.8.0
  resolution: "@octokit/graphql@npm:4.8.0"
  dependencies:
    "@octokit/request": ^5.6.0
    "@octokit/types": ^6.0.3
    universal-user-agent: ^6.0.0
  checksum: f68afe53f63900d4a16a0a733f2f500df2695b731f8ed32edb728d50edead7f5011437f71d069c2d2f6d656227703d0c832a3c8af58ecf82bd5dcc051f2d2d74
  languageName: node
  linkType: hard

"@octokit/openapi-types@npm:^12.11.0":
  version: 12.11.0
  resolution: "@octokit/openapi-types@npm:12.11.0"
  checksum: 8a7d4bd6288cc4085cabe0ca9af2b87c875c303af932cb138aa1b2290eb69d32407759ac23707bb02776466e671244a902e9857896903443a69aff4b6b2b0e3b
  languageName: node
  linkType: hard

"@octokit/plugin-paginate-rest@npm:^2.17.0":
  version: 2.21.3
  resolution: "@octokit/plugin-paginate-rest@npm:2.21.3"
  dependencies:
    "@octokit/types": ^6.40.0
  peerDependencies:
    "@octokit/core": ">=2"
  checksum: acf31de2ba4021bceec7ff49c5b0e25309fc3c009d407f153f928ddf436ab66cd4217344138378d5523f5fb233896e1db58c9c7b3ffd9612a66d760bc5d319ed
  languageName: node
  linkType: hard

"@octokit/plugin-rest-endpoint-methods@npm:^5.13.0":
  version: 5.16.2
  resolution: "@octokit/plugin-rest-endpoint-methods@npm:5.16.2"
  dependencies:
    "@octokit/types": ^6.39.0
    deprecation: ^2.3.1
  peerDependencies:
    "@octokit/core": ">=3"
  checksum: 30fcc50c335d1093f03573d9fa3a4b7d027fc98b215c43e07e82ee8dabfa0af0cf1b963feb542312ae32d897a2f68dc671577206f30850215517bebedc5a2c73
  languageName: node
  linkType: hard

"@octokit/request-error@npm:^2.0.5, @octokit/request-error@npm:^2.1.0":
  version: 2.1.0
  resolution: "@octokit/request-error@npm:2.1.0"
  dependencies:
    "@octokit/types": ^6.0.3
    deprecation: ^2.0.0
    once: ^1.4.0
  checksum: baec2b5700498be01b4d958f9472cb776b3f3b0ea52924323a07e7a88572e24cac2cdf7eb04a0614031ba346043558b47bea2d346e98f0e8385b4261f138ef18
  languageName: node
  linkType: hard

"@octokit/request@npm:^5.6.0, @octokit/request@npm:^5.6.3":
  version: 5.6.3
  resolution: "@octokit/request@npm:5.6.3"
  dependencies:
    "@octokit/endpoint": ^6.0.1
    "@octokit/request-error": ^2.1.0
    "@octokit/types": ^6.16.1
    is-plain-object: ^5.0.0
    node-fetch: ^2.6.7
    universal-user-agent: ^6.0.0
  checksum: c0b4542eb4baaf880d673c758d3e0b5c4a625a4ae30abf40df5548b35f1ff540edaac74625192b1aff42a79ac661e774da4ab7d5505f1cb4ef81239b1e8510c5
  languageName: node
  linkType: hard

"@octokit/types@npm:^6.0.3, @octokit/types@npm:^6.16.1, @octokit/types@npm:^6.39.0, @octokit/types@npm:^6.40.0":
  version: 6.41.0
  resolution: "@octokit/types@npm:6.41.0"
  dependencies:
    "@octokit/openapi-types": ^12.11.0
  checksum: fd6f75e0b19b90d1a3d244d2b0c323ed8f2f05e474a281f60a321986683548ef2e0ec2b3a946aa9405d6092e055344455f69f58957c60f58368c8bdda5b7d2ab
  languageName: node
  linkType: hard

"before-after-hook@npm:^2.2.0":
  version: 2.2.3
  resolution: "before-after-hook@npm:2.2.3"
  checksum: a1a2430976d9bdab4cd89cb50d27fa86b19e2b41812bf1315923b0cba03371ebca99449809226425dd3bcef20e010db61abdaff549278e111d6480034bebae87
  languageName: node
  linkType: hard

"delta@workspace:.":
  version: 0.0.0-use.local
  resolution: "delta@workspace:."
  dependencies:
    "@actions/github": ^5.1.1
    node-fetch: ^2.0.0
  languageName: unknown
  linkType: soft

"deprecation@npm:^2.0.0, deprecation@npm:^2.3.1":
  version: 2.3.1
  resolution: "deprecation@npm:2.3.1"
  checksum: f56a05e182c2c195071385455956b0c4106fe14e36245b00c689ceef8e8ab639235176a96977ba7c74afb173317fac2e0ec6ec7a1c6d1e6eaa401c586c714132
  languageName: node
  linkType: hard

"is-plain-object@npm:^5.0.0":
  version: 5.0.0
  resolution: "is-plain-object@npm:5.0.0"
  checksum: e32d27061eef62c0847d303125440a38660517e586f2f3db7c9d179ae5b6674ab0f469d519b2e25c147a1a3bc87156d0d5f4d8821e0ce4a9ee7fe1fcf11ce45c
  languageName: node
  linkType: hard

"node-fetch@npm:^2.0.0, node-fetch@npm:^2.6.7":
  version: 2.6.11
  resolution: "node-fetch@npm:2.6.11"
  dependencies:
    whatwg-url: ^5.0.0
  peerDependencies:
    encoding: ^0.1.0
  peerDependenciesMeta:
    encoding:
      optional: true
  checksum: 249d0666a9497553384d46b5ab296ba223521ac88fed4d8a17d6ee6c2efb0fc890f3e8091cafe7f9fba8151a5b8d925db2671543b3409a56c3cd522b468b47b3
  languageName: node
  linkType: hard

"once@npm:^1.4.0":
  version: 1.4.0
  resolution: "once@npm:1.4.0"
  dependencies:
    wrappy: 1
  checksum: cd0a88501333edd640d95f0d2700fbde6bff20b3d4d9bdc521bdd31af0656b5706570d6c6afe532045a20bb8dc0849f8332d6f2a416e0ba6d3d3b98806c7db68
  languageName: node
  linkType: hard

"tr46@npm:~0.0.3":
  version: 0.0.3
  resolution: "tr46@npm:0.0.3"
  checksum: 726321c5eaf41b5002e17ffbd1fb7245999a073e8979085dacd47c4b4e8068ff5777142fc6726d6ca1fd2ff16921b48788b87225cbc57c72636f6efa8efbffe3
  languageName: node
  linkType: hard

"tunnel@npm:^0.0.6":
  version: 0.0.6
  resolution: "tunnel@npm:0.0.6"
  checksum: c362948df9ad34b649b5585e54ce2838fa583aa3037091aaed66793c65b423a264e5229f0d7e9a95513a795ac2bd4cb72cda7e89a74313f182c1e9ae0b0994fa
  languageName: node
  linkType: hard

"universal-user-agent@npm:^6.0.0":
  version: 6.0.0
  resolution: "universal-user-agent@npm:6.0.0"
  checksum: 5092bbc80dd0d583cef0b62c17df0043193b74f425112ea6c1f69bc5eda21eeec7a08d8c4f793a277eb2202ffe9b44bec852fa3faff971234cd209874d1b79ef
  languageName: node
  linkType: hard

"webidl-conversions@npm:^3.0.0":
  version: 3.0.1
  resolution: "webidl-conversions@npm:3.0.1"
  checksum: c92a0a6ab95314bde9c32e1d0a6dfac83b578f8fa5f21e675bc2706ed6981bc26b7eb7e6a1fab158e5ce4adf9caa4a0aee49a52505d4d13c7be545f15021b17c
  languageName: node
  linkType: hard

"whatwg-url@npm:^5.0.0":
  version: 5.0.0
  resolution: "whatwg-url@npm:5.0.0"
  dependencies:
    tr46: ~0.0.3
    webidl-conversions: ^3.0.0
  checksum: b8daed4ad3356cc4899048a15b2c143a9aed0dfae1f611ebd55073310c7b910f522ad75d727346ad64203d7e6c79ef25eafd465f4d12775ca44b90fa82ed9e2c
  languageName: node
  linkType: hard

"wrappy@npm:1":
  version: 1.0.2
  resolution: "wrappy@npm:1.0.2"
  checksum: 159da4805f7e84a3d003d8841557196034155008f817172d4e986bd591f74aa82aa7db55929a54222309e01079a65a92a9e6414da5a6aa4b01ee44a511ac3ee5
  languageName: node
  linkType: hard
